{
  "name": "sw",
  "version": "1.0.0",
  "lockfileVersion": 2,
  "requires": true,
  "packages": {
    "": {
      "name": "sw",
      "version": "1.0.0",
      "license": "ISC",
      "dependencies": {
        "skyweaver": "^0.3.1"
      }
    },
    "node_modules/skyweaver": {
      "version": "0.3.1",
      "resolved": "https://registry.npmjs.org/skyweaver/-/skyweaver-0.3.1.tgz",
      "integrity": "sha512-j3Cr9n9uNeI/Jtt7ZQjsth46t2PLk6WDG1c30lRZ1qWXPGQTtDCijz7N4+zI8MkM8ajqRGPpMStDMohl160Ndg=="
    }
  },
  "dependencies": {
    "skyweaver": {
      "version": "0.3.1",
      "resolved": "https://registry.npmjs.org/skyweaver/-/skyweaver-0.3.1.tgz",
      "integrity": "sha512-j3Cr9n9uNeI/Jtt7ZQjsth46t2PLk6WDG1c30lRZ1qWXPGQTtDCijz7N4+zI8MkM8ajqRGPpMStDMohl160Ndg=="
    }
  }
}
